
Microsoft Visual Studio Solution File, Format Version 12.00
# Visual Studio Version 17
VisualStudioVersion = 17.6.33801.468
MinimumVisualStudioVersion = 10.0.40219.1
Project("{FAE04EC0-301F-11D3-BF4B-00C04F79EFBC}") = "Technology_Library", "Technology_Library\Technology_Library.csproj", "{8D508BAD-62BA-496C-8C31-1C300535193E}"
EndProject
Global
	GlobalSection(SolutionConfigurationPlatforms) = preSolution
		Debug|Any CPU = Debug|Any CPU
		Release|Any CPU = Release|Any CPU
	EndGlobalSection
	GlobalSection(ProjectConfigurationPlatforms) = postSolution
		{8D508BAD-62BA-496C-8C31-1C300535193E}.Debug|Any CPU.ActiveCfg = Debug|Any CPU
		{8D508BAD-62BA-496C-8C31-1C300535193E}.Debug|Any CPU.Build.0 = Debug|Any CPU
		{8D508BAD-62BA-496C-8C31-1C300535193E}.Release|Any CPU.ActiveCfg = Release|Any CPU
		{8D508BAD-62BA-496C-8C31-1C300535193E}.Release|Any CPU.Build.0 = Release|Any CPU
	EndGlobalSection
	GlobalSection(SolutionProperties) = preSolution
		HideSolutionNode = FALSE
	EndGlobalSection
	GlobalSection(ExtensibilityGlobals) = postSolution
		SolutionGuid = {FD55DCAF-FE7E-4BEE-81DB-28FA97B138C7}
	EndGlobalSection
EndGlobal
